// !$*UTF8*$!
{
	archiveVersion = 1;
	classes = {
	};
	objectVersion = 55;
	objects = {

/* Begin PBXBuildFile section */
		599260EF283F8FA10092DD02 /* AppDelegate.swift in Sources */ = {isa = PBXBuildFile; fileRef = 599260EE283F8FA10092DD02 /* AppDelegate.swift */; };
		599260F1283F8FA10092DD02 /* SceneDelegate.swift in Sources */ = {isa = PBXBuildFile; fileRef = 599260F0283F8FA10092DD02 /* SceneDelegate.swift */; };
		599260F3283F8FA10092DD02 /* ViewController.swift in Sources */ = {isa = PBXBuildFile; fileRef = 599260F2283F8FA10092DD02 /* ViewController.swift */; };
		599260F6283F8FA10092DD02 /* Main.storyboard in Resources */ = {isa = PBXBuildFile; fileRef = 599260F4283F8FA10092DD02 /* Main.storyboard */; };
		599260F8283F8FA30092DD02 /* Assets.xcassets in Resources */ = {isa = PBXBuildFile; fileRef = 599260F7283F8FA30092DD02 /* Assets.xcassets */; };
		599260FB283F8FA30092DD02 /* LaunchScreen.storyboard in Resources */ = {isa = PBXBuildFile; fileRef = 599260F9283F8FA30092DD02 /* LaunchScreen.storyboard */; };
		5992610B283F920D0092DD02 /* .gitignore in Resources */ = {isa = PBXBuildFile; fileRef = 5992610A283F920D0092DD02 /* .gitignore */; };
		5992610D283F94780092DD02 /* DataModel.swift in Sources */ = {isa = PBXBuildFile; fileRef = 5992610C283F94780092DD02 /* DataModel.swift */; };
		5992610F283F9A510092DD02 /* NetworkManager.swift in Sources */ = {isa = PBXBuildFile; fileRef = 5992610E283F9A510092DD02 /* NetworkManager.swift */; };
		59926116283FC2990092DD02 /* MainViewModel.swift in Sources */ = {isa = PBXBuildFile; fileRef = 59926115283FC2990092DD02 /* MainViewModel.swift */; };
		5992611C2840BF300092DD02 /* UIImageView+Ext.swift in Sources */ = {isa = PBXBuildFile; fileRef = 5992611B2840BF300092DD02 /* UIImageView+Ext.swift */; };
		5992611F2840CFD20092DD02 /* DataViewCell.swift in Sources */ = {isa = PBXBuildFile; fileRef = 5992611E2840CFD20092DD02 /* DataViewCell.swift */; };
		61C520F0C0DF696B2DBDB684 /* Pods_PryanikiTest.framework in Frameworks */ = {isa = PBXBuildFile; fileRef = 5C3B3BB8BA633B1BC1E71F62 /* Pods_PryanikiTest.framework */; };
/* End PBXBuildFile section */

/* Begin PBXFileReference section */
		599260EB283F8FA10092DD02 /* PryanikiTest.app */ = {isa = PBXFileReference; explicitFileType = wrapper.application; includeInIndex = 0; path = PryanikiTest.app; sourceTree = BUILT_PRODUCTS_DIR; };
		599260EE283F8FA10092DD02 /* AppDelegate.swift */ = {isa = PBXFileReference; lastKnownFileType = sourcecode.swift; path = AppDelegate.swift; sourceTree = "<group>"; };
		599260F0283F8FA10092DD02 /* SceneDelegate.swift */ = {isa = PBXFileReference; lastKnownFileType = sourcecode.swift; path = SceneDelegate.swift; sourceTree = "<group>"; };
		599260F2283F8FA10092DD02 /* ViewController.swift */ = {isa = PBXFileReference; lastKnownFileType = sourcecode.swift; path = ViewController.swift; sourceTree = "<group>"; };
		599260F5283F8FA10092DD02 /* Base */ = {isa = PBXFileReference; lastKnownFileType = file.storyboard; name = Base; path = Base.lproj/Main.storyboard; sourceTree = "<group>"; };
		599260F7283F8FA30092DD02 /* Assets.xcassets */ = {isa = PBXFileReference; lastKnownFileType = folder.assetcatalog; path = Assets.xcassets; sourceTree = "<group>"; };
		599260FA283F8FA30092DD02 /* Base */ = {isa = PBXFileReference; lastKnownFileType = file.storyboard; name = Base; path = Base.lproj/LaunchScreen.storyboard; sourceTree = "<group>"; };
		599260FC283F8FA30092DD02 /* Info.plist */ = {isa = PBXFileReference; lastKnownFileType = text.plist.xml; path = Info.plist; sourceTree = "<group>"; };
		5992610A283F920D0092DD02 /* .gitignore */ = {isa = PBXFileReference; fileEncoding = 4; lastKnownFileType = text; path = .gitignore; sourceTree = SOURCE_ROOT; };
		5992610C283F94780092DD02 /* DataModel.swift */ = {isa = PBXFileReference; lastKnownFileType = sourcecode.swift; path = DataModel.swift; sourceTree = "<group>"; };
		5992610E283F9A510092DD02 /* NetworkManager.swift */ = {isa = PBXFileReference; lastKnownFileType = sourcecode.swift; path = NetworkManager.swift; sourceTree = "<group>"; };
		59926115283FC2990092DD02 /* MainViewModel.swift */ = {isa = PBXFileReference; lastKnownFileType = sourcecode.swift; path = MainViewModel.swift; sourceTree = "<group>"; };
		5992611B2840BF300092DD02 /* UIImageView+Ext.swift */ = {isa = PBXFileReference; lastKnownFileType = sourcecode.swift; path = "UIImageView+Ext.swift"; sourceTree = "<group>"; };
		5992611E2840CFD20092DD02 /* DataViewCell.swift */ = {isa = PBXFileReference; lastKnownFileType = sourcecode.swift; path = DataViewCell.swift; sourceTree = "<group>"; };
		5A89326AEAABFF990EB675D2 /* Pods-PryanikiTest.release.xcconfig */ = {isa = PBXFileReference; includeInIndex = 1; lastKnownFileType = text.xcconfig; name = "Pods-PryanikiTest.release.xcconfig"; path = "Target Support Files/Pods-PryanikiTest/Pods-PryanikiTest.release.xcconfig"; sourceTree = "<group>"; };
		5C3B3BB8BA633B1BC1E71F62 /* Pods_PryanikiTest.framework */ = {isa = PBXFileReference; explicitFileType = wrapper.framework; includeInIndex = 0; path = Pods_PryanikiTest.framework; sourceTree = BUILT_PRODUCTS_DIR; };
		BE7B1D135993F86E7F07BA44 /* Pods-PryanikiTest.debug.xcconfig */ = {isa = PBXFileReference; includeInIndex = 1; lastKnownFileType = text.xcconfig; name = "Pods-PryanikiTest.debug.xcconfig"; path = "Target Support Files/Pods-PryanikiTest/Pods-PryanikiTest.debug.xcconfig"; sourceTree = "<group>"; };
/* End PBXFileReference section */

/* Begin PBXFrameworksBuildPhase section */
		599260E8283F8FA10092DD02 /* Frameworks */ = {
			isa = PBXFrameworksBuildPhase;
			buildActionMask = 2147483647;
			files = (
				61C520F0C0DF696B2DBDB684 /* Pods_PryanikiTest.framework in Frameworks */,
			);
			runOnlyForDeploymentPostprocessing = 0;
		};
/* End PBXFrameworksBuildPhase section */

/* Begin PBXGroup section */
		0A046916CF6ABC93C47B5E96 /* Frameworks */ = {
			isa = PBXGroup;
			children = (
				5C3B3BB8BA633B1BC1E71F62 /* Pods_PryanikiTest.framework */,
			);
			name = Frameworks;
			sourceTree = "<group>";
		};
		599260E2283F8FA10092DD02 = {
			isa = PBXGroup;
			children = (
				599260ED283F8FA10092DD02 /* PryanikiTest */,
				599260EC283F8FA10092DD02 /* Products */,
				89AD0704ABABD4BBF92B864F /* Pods */,
				0A046916CF6ABC93C47B5E96 /* Frameworks */,
			);
			sourceTree = "<group>";
		};
		599260EC283F8FA10092DD02 /* Products */ = {
			isa = PBXGroup;
			children = (
				599260EB283F8FA10092DD02 /* PryanikiTest.app */,
			);
			name = Products;
			sourceTree = "<group>";
		};
		599260ED283F8FA10092DD02 /* PryanikiTest */ = {
			isa = PBXGroup;
			children = (
				59926114283FC2690092DD02 /* MainViewController */,
				59926103283F901E0092DD02 /* Models */,
				59926109283F90F50092DD02 /* Helpers */,
				59926108283F90C10092DD02 /* Services */,
				59926107283F904C0092DD02 /* Storyboards */,
				59926106283F90390092DD02 /* Resources */,
				59926102283F8FF50092DD02 /* SupportFiles */,
			);
			path = PryanikiTest;
			sourceTree = "<group>";
		};
		59926102283F8FF50092DD02 /* SupportFiles */ = {
			isa = PBXGroup;
			children = (
				5992610A283F920D0092DD02 /* .gitignore */,
				599260EE283F8FA10092DD02 /* AppDelegate.swift */,
				599260F0283F8FA10092DD02 /* SceneDelegate.swift */,
				599260FC283F8FA30092DD02 /* Info.plist */,
			);
			path = SupportFiles;
			sourceTree = "<group>";
		};
		59926103283F901E0092DD02 /* Models */ = {
			isa = PBXGroup;
			children = (
				5992610C283F94780092DD02 /* DataModel.swift */,
			);
			path = Models;
			sourceTree = "<group>";
		};
		59926106283F90390092DD02 /* Resources */ = {
			isa = PBXGroup;
			children = (
				599260F7283F8FA30092DD02 /* Assets.xcassets */,
			);
			path = Resources;
			sourceTree = "<group>";
		};
		59926107283F904C0092DD02 /* Storyboards */ = {
			isa = PBXGroup;
			children = (
				599260F9283F8FA30092DD02 /* LaunchScreen.storyboard */,
				599260F4283F8FA10092DD02 /* Main.storyboard */,
			);
			path = Storyboards;
			sourceTree = "<group>";
		};
		59926108283F90C10092DD02 /* Services */ = {
			isa = PBXGroup;
			children = (
				5992610E283F9A510092DD02 /* NetworkManager.swift */,
			);
			path = Services;
			sourceTree = "<group>";
		};
		59926109283F90F50092DD02 /* Helpers */ = {
			isa = PBXGroup;
			children = (
				5992611B2840BF300092DD02 /* UIImageView+Ext.swift */,
			);
			path = Helpers;
			sourceTree = "<group>";
		};
		59926114283FC2690092DD02 /* MainViewController */ = {
			isa = PBXGroup;
			children = (
				5992611D2840CFBB0092DD02 /* DataViewCell */,
				599260F2283F8FA10092DD02 /* ViewController.swift */,
				59926115283FC2990092DD02 /* MainViewModel.swift */,
			);
			path = MainViewController;
			sourceTree = "<group>";
		};
		5992611D2840CFBB0092DD02 /* DataViewCell */ = {
			isa = PBXGroup;
			children = (
				5992611E2840CFD20092DD02 /* DataViewCell.swift */,
			);
			path = DataViewCell;
			sourceTree = "<group>";
		};
		89AD0704ABABD4BBF92B864F /* Pods */ = {
			isa = PBXGroup;
			children = (
				BE7B1D135993F86E7F07BA44 /* Pods-PryanikiTest.debug.xcconfig */,
				5A89326AEAABFF990EB675D2 /* Pods-PryanikiTest.release.xcconfig */,
			);
			path = Pods;
			sourceTree = "<group>";
		};
/* End PBXGroup section */

/* Begin PBXNativeTarget section */
		599260EA283F8FA10092DD02 /* PryanikiTest */ = {
			isa = PBXNativeTarget;
			buildConfigurationList = 599260FF283F8FA30092DD02 /* Build configuration list for PBXNativeTarget "PryanikiTest" */;
			buildPhases = (
				0C55812B6CADEA8637E7656F /* [CP] Check Pods Manifest.lock */,
				599260E7283F8FA10092DD02 /* Sources */,
				599260E8283F8FA10092DD02 /* Frameworks */,
				599260E9283F8FA10092DD02 /* Resources */,
				87E12964489DC955DC0B1A93 /* [CP] Embed Pods Frameworks */,
			);
			buildRules = (
			);
			dependencies = (
			);
			name = PryanikiTest;
			productName = PryanikiTest;
			productReference = 599260EB283F8FA10092DD02 /* PryanikiTest.app */;
			productType = "com.apple.product-type.application";
		};
/* End PBXNativeTarget section */

/* Begin PBXProject section */
		599260E3283F8FA10092DD02 /* Project object */ = {
			isa = PBXProject;
			attributes = {
				BuildIndependentTargetsInParallel = 1;
				LastSwiftUpdateCheck = 1320;
				LastUpgradeCheck = 1320;
				TargetAttributes = {
					599260EA283F8FA10092DD02 = {
						CreatedOnToolsVersion = 13.2.1;
					};
				};
			};
			buildConfigurationList = 599260E6283F8FA10092DD02 /* Build configuration list for PBXProject "PryanikiTest" */;
			compatibilityVersion = "Xcode 13.0";
			developmentRegion = en;
			hasScannedForEncodings = 0;
			knownRegions = (
				en,
				Base,
			);
			mainGroup = 599260E2283F8FA10092DD02;
			productRefGroup = 599260EC283F8FA10092DD02 /* Products */;
			projectDirPath = "";
			projectRoot = "";
			targets = (
				599260EA283F8FA10092DD02 /* PryanikiTest */,
			);
		};
/* End PBXProject section */

/* Begin PBXResourcesBuildPhase section */
		599260E9283F8FA10092DD02 /* Resources */ = {
			isa = PBXResourcesBuildPhase;
			buildActionMask = 2147483647;
			files = (
				5992610B283F920D0092DD02 /* .gitignore in Resources */,
				599260FB283F8FA30092DD02 /* LaunchScreen.storyboard in Resources */,
				599260F8283F8FA30092DD02 /* Assets.xcassets in Resources */,
				599260F6283F8FA10092DD02 /* Main.storyboard in Resources */,
			);
			runOnlyForDeploymentPostprocessing = 0;
		};
/* End PBXResourcesBuildPhase section */

/* Begin PBXShellScriptBuildPhase section */
		0C55812B6CADEA8637E7656F /* [CP] Check Pods Manifest.lock */ = {
			isa = PBXShellScriptBuildPhase;
			buildActionMask = 2147483647;
			files = (
			);
			inputFileListPaths = (
			);
			inputPaths = (
				"${PODS_PODFILE_DIR_PATH}/Podfile.lock",
				"${PODS_ROOT}/Manifest.lock",
			);
			name = "[CP] Check Pods Manifest.lock";
			outputFileListPaths = (
			);
			outputPaths = (
				"$(DERIVED_FILE_DIR)/Pods-PryanikiTest-checkManifestLockResult.txt",
			);
			runOnlyForDeploymentPostprocessing = 0;
			shellPath = /bin/sh;
			shellScript = "diff \"${PODS_PODFILE_DIR_PATH}/Podfile.lock\" \"${PODS_ROOT}/Manifest.lock\" > /dev/null\nif [ $? != 0 ] ; then\n    # print error to STDERR\n    echo \"error: The sandbox is not in sync with the Podfile.lock. Run 'pod install' or update your CocoaPods installation.\" >&2\n    exit 1\nfi\n# This output is used by Xcode 'outputs' to avoid re-running this script phase.\necho \"SUCCESS\" > \"${SCRIPT_OUTPUT_FILE_0}\"\n";
			showEnvVarsInLog = 0;
		};
		87E12964489DC955DC0B1A93 /* [CP] Embed Pods Frameworks */ = {
			isa = PBXShellScriptBuildPhase;
			buildActionMask = 2147483647;
			files = (
			);
			inputFileListPaths = (
				"${PODS_ROOT}/Target Support Files/Pods-PryanikiTest/Pods-PryanikiTest-frameworks-${CONFIGURATION}-input-files.xcfilelist",
			);
			name = "[CP] Embed Pods Frameworks";
			outputFileListPaths = (
				"${PODS_ROOT}/Target Support Files/Pods-PryanikiTest/Pods-PryanikiTest-frameworks-${CONFIGURATION}-output-files.xcfilelist",
			);
			runOnlyForDeploymentPostprocessing = 0;
			shellPath = /bin/sh;
			shellScript = "\"${PODS_ROOT}/Target Support Files/Pods-PryanikiTest/Pods-PryanikiTest-frameworks.sh\"\n";
			showEnvVarsInLog = 0;
		};
/* End PBXShellScriptBuildPhase section */

/* Begin PBXSourcesBuildPhase section */
		599260E7283F8FA10092DD02 /* Sources */ = {
			isa = PBXSourcesBuildPhase;
			buildActionMask = 2147483647;
			files = (
				599260F3283F8FA10092DD02 /* ViewController.swift in Sources */,
				5992610D283F94780092DD02 /* DataModel.swift in Sources */,
				5992611F2840CFD20092DD02 /* DataViewCell.swift in Sources */,
				5992610F283F9A510092DD02 /* NetworkManager.swift in Sources */,
				5992611C2840BF300092DD02 /* UIImageView+Ext.swift in Sources */,
				599260EF283F8FA10092DD02 /* AppDelegate.swift in Sources */,
				599260F1283F8FA10092DD02 /* SceneDelegate.swift in Sources */,
				59926116283FC2990092DD02 /* MainViewModel.swift in Sources */,
			);
			runOnlyForDeploymentPostprocessing = 0;
		};
/* End PBXSourcesBuildPhase section */

/* Begin PBXVariantGroup section */
		599260F4283F8FA10092DD02 /* Main.storyboard */ = {
			isa = PBXVariantGroup;
			children = (
				599260F5283F8FA10092DD02 /* Base */,
			);
			name = Main.storyboard;
			sourceTree = "<group>";
		};
		599260F9283F8FA30092DD02 /* LaunchScreen.storyboard */ = {
			isa = PBXVariantGroup;
			children = (
				599260FA283F8FA30092DD02 /* Base */,
			);
			name = LaunchScreen.storyboard;
			sourceTree = "<group>";
		};
/* End PBXVariantGroup section */

/* Begin XCBuildConfiguration section */
		599260FD283F8FA30092DD02 /* Debug */ = {
			isa = XCBuildConfiguration;
			buildSettings = {
				ALWAYS_SEARCH_USER_PATHS = NO;
				CLANG_ANALYZER_NONNULL = YES;
				CLANG_ANALYZER_NUMBER_OBJECT_CONVERSION = YES_AGGRESSIVE;
				CLANG_CXX_LANGUAGE_STANDARD = "gnu++17";
				CLANG_CXX_LIBRARY = "libc++";
				CLANG_ENABLE_MODULES = YES;
				CLANG_ENABLE_OBJC_ARC = YES;
				CLANG_ENABLE_OBJC_WEAK = YES;
				CLANG_WARN_BLOCK_CAPTURE_AUTORELEASING = YES;
				CLANG_WARN_BOOL_CONVERSION = YES;
				CLANG_WARN_COMMA = YES;
				CLANG_WARN_CONSTANT_CONVERSION = YES;
				CLANG_WARN_DEPRECATED_OBJC_IMPLEMENTATIONS = YES;
				CLANG_WARN_DIRECT_OBJC_ISA_USAGE = YES_ERROR;
				CLANG_WARN_DOCUMENTATION_COMMENTS = YES;
				CLANG_WARN_EMPTY_BODY = YES;
				CLANG_WARN_ENUM_CONVERSION = YES;
				CLANG_WARN_INFINITE_RECURSION = YES;
				CLANG_WARN_INT_CONVERSION = YES;
				CLANG_WARN_NON_LITERAL_NULL_CONVERSION = YES;
				CLANG_WARN_OBJC_IMPLICIT_RETAIN_SELF = YES;
				CLANG_WARN_OBJC_LITERAL_CONVERSION = YES;
				CLANG_WARN_OBJC_ROOT_CLASS = YES_ERROR;
				CLANG_WARN_QUOTED_INCLUDE_IN_FRAMEWORK_HEADER = YES;
				CLANG_WARN_RANGE_LOOP_ANALYSIS = YES;
				CLANG_WARN_STRICT_PROTOTYPES = YES;
				CLANG_WARN_SUSPICIOUS_MOVE = YES;
				CLANG_WARN_UNGUARDED_AVAILABILITY = YES_AGGRESSIVE;
				CLANG_WARN_UNREACHABLE_CODE = YES;
				CLANG_WARN__DUPLICATE_METHOD_MATCH = YES;
				COPY_PHASE_STRIP = NO;
				DEBUG_INFORMATION_FORMAT = dwarf;
				ENABLE_STRICT_OBJC_MSGSEND = YES;
				ENABLE_TESTABILITY = YES;
				GCC_C_LANGUAGE_STANDARD = gnu11;
				GCC_DYNAMIC_NO_PIC = NO;
				GCC_NO_COMMON_BLOCKS = YES;
				GCC_OPTIMIZATION_LEVEL = 0;
				GCC_PREPROCESSOR_DEFINITIONS = (
					"DEBUG=1",
					"$(inherited)",
				);
				GCC_WARN_64_TO_32_BIT_CONVERSION = YES;
				GCC_WARN_ABOUT_RETURN_TYPE = YES_ERROR;
				GCC_WARN_UNDECLARED_SELECTOR = YES;
				GCC_WARN_UNINITIALIZED_AUTOS = YES_AGGRESSIVE;
				GCC_WARN_UNUSED_FUNCTION = YES;
				GCC_WARN_UNUSED_VARIABLE = YES;
				IPHONEOS_DEPLOYMENT_TARGET = 15.2;
				MTL_ENABLE_DEBUG_INFO = INCLUDE_SOURCE;
				MTL_FAST_MATH = YES;
				ONLY_ACTIVE_ARCH = YES;
				SDKROOT = iphoneos;
				SWIFT_ACTIVE_COMPILATION_CONDITIONS = DEBUG;
				SWIFT_OPTIMIZATION_LEVEL = "-Onone";
			};
			name = Debug;
		};
		599260FE283F8FA30092DD02 /* Release */ = {
			isa = XCBuildConfiguration;
			buildSettings = {
				ALWAYS_SEARCH_USER_PATHS = NO;
				CLANG_ANALYZER_NONNULL = YES;
				CLANG_ANALYZER_NUMBER_OBJECT_CONVERSION = YES_AGGRESSIVE;
				CLANG_CXX_LANGUAGE_STANDARD = "gnu++17";
				CLANG_CXX_LIBRARY = "libc++";
				CLANG_ENABLE_MODULES = YES;
				CLANG_ENABLE_OBJC_ARC = YES;
				CLANG_ENABLE_OBJC_WEAK = YES;
				CLANG_WARN_BLOCK_CAPTURE_AUTORELEASING = YES;
				CLANG_WARN_BOOL_CONVERSION = YES;
				CLANG_WARN_COMMA = YES;
				CLANG_WARN_CONSTANT_CONVERSION = YES;
				CLANG_WARN_DEPRECATED_OBJC_IMPLEMENTATIONS = YES;
				CLANG_WARN_DIRECT_OBJC_ISA_USAGE = YES_ERROR;
				CLANG_WARN_DOCUMENTATION_COMMENTS = YES;
				CLANG_WARN_EMPTY_BODY = YES;
				CLANG_WARN_ENUM_CONVERSION = YES;
				CLANG_WARN_INFINITE_RECURSION = YES;
				CLANG_WARN_INT_CONVERSION = YES;
				CLANG_WARN_NON_LITERAL_NULL_CONVERSION = YES;
				CLANG_WARN_OBJC_IMPLICIT_RETAIN_SELF = YES;
				CLANG_WARN_OBJC_LITERAL_CONVERSION = YES;
				CLANG_WARN_OBJC_ROOT_CLASS = YES_ERROR;
				CLANG_WARN_QUOTED_INCLUDE_IN_FRAMEWORK_HEADER = YES;
				CLANG_WARN_RANGE_LOOP_ANALYSIS = YES;
				CLANG_WARN_STRICT_PROTOTYPES = YES;
				CLANG_WARN_SUSPICIOUS_MOVE = YES;
				CLANG_WARN_UNGUARDED_AVAILABILITY = YES_AGGRESSIVE;
				CLANG_WARN_UNREACHABLE_CODE = YES;
				CLANG_WARN__DUPLICATE_METHOD_MATCH = YES;
				COPY_PHASE_STRIP = NO;
				DEBUG_INFORMATION_FORMAT = "dwarf-with-dsym";
				ENABLE_NS_ASSERTIONS = NO;
				ENABLE_STRICT_OBJC_MSGSEND = YES;
				GCC_C_LANGUAGE_STANDARD = gnu11;
				GCC_NO_COMMON_BLOCKS = YES;
				GCC_WARN_64_TO_32_BIT_CONVERSION = YES;
				GCC_WARN_ABOUT_RETURN_TYPE = YES_ERROR;
				GCC_WARN_UNDECLARED_SELECTOR = YES;
				GCC_WARN_UNINITIALIZED_AUTOS = YES_AGGRESSIVE;
				GCC_WARN_UNUSED_FUNCTION = YES;
				GCC_WARN_UNUSED_VARIABLE = YES;
				IPHONEOS_DEPLOYMENT_TARGET = 15.2;
				MTL_ENABLE_DEBUG_INFO = NO;
				MTL_FAST_MATH = YES;
				SDKROOT = iphoneos;
				SWIFT_COMPILATION_MODE = wholemodule;
				SWIFT_OPTIMIZATION_LEVEL = "-O";
				VALIDATE_PRODUCT = YES;
			};
			name = Release;
		};
		59926100283F8FA30092DD02 /* Debug */ = {
			isa = XCBuildConfiguration;
			baseConfigurationReference = BE7B1D135993F86E7F07BA44 /* Pods-PryanikiTest.debug.xcconfig */;
			buildSettings = {
				ASSETCATALOG_COMPILER_APPICON_NAME = AppIcon;
				ASSETCATALOG_COMPILER_GLOBAL_ACCENT_COLOR_NAME = AccentColor;
				CODE_SIGN_STYLE = Automatic;
				CURRENT_PROJECT_VERSION = 1;
				DEVELOPMENT_TEAM = 4XK5S24922;
				GENERATE_INFOPLIST_FILE = YES;
				INFOPLIST_FILE = PryanikiTest/SupportFiles/Info.plist;
				INFOPLIST_KEY_UIApplicationSupportsIndirectInputEvents = YES;
				INFOPLIST_KEY_UILaunchStoryboardName = LaunchScreen;
				INFOPLIST_KEY_UIMainStoryboardFile = Main;
				INFOPLIST_KEY_UISupportedInterfaceOrientations_iPad = "UIInterfaceOrientationPortrait UIInterfaceOrientationPortraitUpsideDown UIInterfaceOrientationLandscapeLeft UIInterfaceOrientationLandscapeRight";
				INFOPLIST_KEY_UISupportedInterfaceOrientations_iPhone = "UIInterfaceOrientationPortrait UIInterfaceOrientationLandscapeLeft UIInterfaceOrientationLandscapeRight";
				LD_RUNPATH_SEARCH_PATHS = (
					"$(inherited)",
					"@executable_path/Frameworks",
				);
				MARKETING_VERSION = 1.0;
				PRODUCT_BUNDLE_IDENTIFIER = "Alexey-Kulish.PryanikiTest";
				PRODUCT_NAME = "$(TARGET_NAME)";
				SWIFT_EMIT_LOC_STRINGS = YES;
				SWIFT_VERSION = 5.0;
				TARGETED_DEVICE_FAMILY = "1,2";
			};
			name = Debug;
		};
		59926101283F8FA30092DD02 /* Release */ = {
			isa = XCBuildConfiguration;
			baseConfigurationReference = 5A89326AEAABFF990EB675D2 /* Pods-PryanikiTest.release.xcconfig */;
			buildSettings = {
				ASSETCATALOG_COMPILER_APPICON_NAME = AppIcon;
				ASSETCATALOG_COMPILER_GLOBAL_ACCENT_COLOR_NAME = AccentColor;
				CODE_SIGN_STYLE = Automatic;
				CURRENT_PROJECT_VERSION = 1;
				DEVELOPMENT_TEAM = 4XK5S24922;
				GENERATE_INFOPLIST_FILE = YES;
				INFOPLIST_FILE = PryanikiTest/SupportFiles/Info.plist;
				INFOPLIST_KEY_UIApplicationSupportsIndirectInputEvents = YES;
				INFOPLIST_KEY_UILaunchStoryboardName = LaunchScreen;
				INFOPLIST_KEY_UIMainStoryboardFile = Main;
				INFOPLIST_KEY_UISupportedInterfaceOrientations_iPad = "UIInterfaceOrientationPortrait UIInterfaceOrientationPortraitUpsideDown UIInterfaceOrientationLandscapeLeft UIInterfaceOrientationLandscapeRight";
				INFOPLIST_KEY_UISupportedInterfaceOrientations_iPhone = "UIInterfaceOrientationPortrait UIInterfaceOrientationLandscapeLeft UIInterfaceOrientationLandscapeRight";
				LD_RUNPATH_SEARCH_PATHS = (
					"$(inherited)",
					"@executable_path/Frameworks",
				);
				MARKETING_VERSION = 1.0;
				PRODUCT_BUNDLE_IDENTIFIER = "Alexey-Kulish.PryanikiTest";
				PRODUCT_NAME = "$(TARGET_NAME)";
				SWIFT_EMIT_LOC_STRINGS = YES;
				SWIFT_VERSION = 5.0;
				TARGETED_DEVICE_FAMILY = "1,2";
			};
			name = Release;
		};
/* End XCBuildConfiguration section */

/* Begin XCConfigurationList section */
		599260E6283F8FA10092DD02 /* Build configuration list for PBXProject "PryanikiTest" */ = {
			isa = XCConfigurationList;
			buildConfigurations = (
				599260FD283F8FA30092DD02 /* Debug */,
				599260FE283F8FA30092DD02 /* Release */,
			);
			defaultConfigurationIsVisible = 0;
			defaultConfigurationName = Release;
		};
		599260FF283F8FA30092DD02 /* Build configuration list for PBXNativeTarget "PryanikiTest" */ = {
			isa = XCConfigurationList;
			buildConfigurations = (
				59926100283F8FA30092DD02 /* Debug */,
				59926101283F8FA30092DD02 /* Release */,
			);
			defaultConfigurationIsVisible = 0;
			defaultConfigurationName = Release;
		};
/* End XCConfigurationList section */
	};
	rootObject = 599260E3283F8FA10092DD02 /* Project object */;
}
